
Microsoft Visual Studio Solution File, Format Version 12.00
# Visual Studio Version 17
VisualStudioVersion = 17.1.32210.238
MinimumVisualStudioVersion = 10.0.40219.1
Project("{FAE04EC0-301F-11D3-BF4B-00C04F79EFBC}") = "Game Of Life", "Game Of Life.csproj", "{A55649BA-52BC-4465-A2E5-5EAA56469ADE}"
EndProject
Global
	GlobalSection(SolutionConfigurationPlatforms) = preSolution
		Debug|Any CPU = Debug|Any CPU
		Release|Any CPU = Release|Any CPU
	EndGlobalSection
	GlobalSection(ProjectConfigurationPlatforms) = postSolution
		{A55649BA-52BC-4465-A2E5-5EAA56469ADE}.Debug|Any CPU.ActiveCfg = Debug|Any CPU
		{A55649BA-52BC-4465-A2E5-5EAA56469ADE}.Debug|Any CPU.Build.0 = Debug|Any CPU
		{A55649BA-52BC-4465-A2E5-5EAA56469ADE}.Release|Any CPU.ActiveCfg = Release|Any CPU
		{A55649BA-52BC-4465-A2E5-5EAA56469ADE}.Release|Any CPU.Build.0 = Release|Any CPU
	EndGlobalSection
	GlobalSection(SolutionProperties) = preSolution
		HideSolutionNode = FALSE
	EndGlobalSection
	GlobalSection(ExtensibilityGlobals) = postSolution
		SolutionGuid = {253AE877-380D-4F0E-9209-62CCA40373FF}
	EndGlobalSection
EndGlobal
